// !$*UTF8*$!
{
	archiveVersion = 1;
	classes = {
	};
	objectVersion = 46;
	objects = {

/* Begin PBXBuildFile section */
		481291351AC35E7800DB082A /* main.swift in Sources */ = {isa = PBXBuildFile; fileRef = 481291341AC35E7800DB082A /* main.swift */; };
		4812913C1AC35F6E00DB082A /* LinkedList.swift in Sources */ = {isa = PBXBuildFile; fileRef = 4812913B1AC35F6E00DB082A /* LinkedList.swift */; };
/* End PBXBuildFile section */

/* Begin PBXCopyFilesBuildPhase section */
		4812912F1AC35E7800DB082A /* CopyFiles */ = {
			isa = PBXCopyFilesBuildPhase;
			buildActionMask = 2147483647;
			dstPath = /usr/share/man/man1/;
			dstSubfolderSpec = 0;
			files = (
			);
			runOnlyForDeploymentPostprocessing = 1;
		};
/* End PBXCopyFilesBuildPhase section */

/* Begin PBXFileReference section */
		481291311AC35E7800DB082A /* ReverseLinkedListSwift */ = {isa = PBXFileReference; explicitFileType = "compiled.mach-o.executable"; includeInIndex = 0; path = ReverseLinkedListSwift; sourceTree = BUILT_PRODUCTS_DIR; };
		481291341AC35E7800DB082A /* main.swift */ = {isa = PBXFileReference; lastKnownFileType = sourcecode.swift; path = main.swift; sourceTree = "<group>"; };
		4812913B1AC35F6E00DB082A /* LinkedList.swift */ = {isa = PBXFileReference; fileEncoding = 4; lastKnownFileType = sourcecode.swift; path = LinkedList.swift; sourceTree = "<group>"; };
/* End PBXFileReference section */

/* Begin PBXFrameworksBuildPhase section */
		4812912E1AC35E7800DB082A /* Frameworks */ = {
			isa = PBXFrameworksBuildPhase;
			buildActionMask = 2147483647;
			files = (
			);
			runOnlyForDeploymentPostprocessing = 0;
		};
/* End PBXFrameworksBuildPhase section */

/* Begin PBXGroup section */
		481291281AC35E7800DB082A = {
			isa = PBXGroup;
			children = (
				481291331AC35E7800DB082A /* ReverseLinkedListSwift */,
				481291321AC35E7800DB082A /* Products */,
			);
			sourceTree = "<group>";
		};
		481291321AC35E7800DB082A /* Products */ = {
			isa = PBXGroup;
			children = (
				481291311AC35E7800DB082A /* ReverseLinkedListSwift */,
			);
			name = Products;
			sourceTree = "<group>";
		};
		481291331AC35E7800DB082A /* ReverseLinkedListSwift */ = {
			isa = PBXGroup;
			children = (
				481291341AC35E7800DB082A /* main.swift */,
				4812913B1AC35F6E00DB082A /* LinkedList.swift */,
			);
			path = ReverseLinkedListSwift;
			sourceTree = "<group>";
		};
/* End PBXGroup section */

/* Begin PBXNativeTarget section */
		481291301AC35E7800DB082A /* ReverseLinkedListSwift */ = {
			isa = PBXNativeTarget;
			buildConfigurationList = 481291381AC35E7800DB082A /* Build configuration list for PBXNativeTarget "ReverseLinkedListSwift" */;
			buildPhases = (
				4812912D1AC35E7800DB082A /* Sources */,
				4812912E1AC35E7800DB082A /* Frameworks */,
				4812912F1AC35E7800DB082A /* CopyFiles */,
			);
			buildRules = (
			);
			dependencies = (
			);
			name = ReverseLinkedListSwift;
			productName = ReverseLinkedListSwift;
			productReference = 481291311AC35E7800DB082A /* ReverseLinkedListSwift */;
			productType = "com.apple.product-type.tool";
		};
/* End PBXNativeTarget section */

/* Begin PBXProject section */
		481291291AC35E7800DB082A /* Project object */ = {
			isa = PBXProject;
			attributes = {
				LastUpgradeCheck = 0620;
				ORGANIZATIONNAME = "Rodrigo Carballo";
				TargetAttributes = {
					481291301AC35E7800DB082A = {
						CreatedOnToolsVersion = 6.2;
					};
				};
			};
			buildConfigurationList = 4812912C1AC35E7800DB082A /* Build configuration list for PBXProject "ReverseLinkedListSwift" */;
			compatibilityVersion = "Xcode 3.2";
			developmentRegion = English;
			hasScannedForEncodings = 0;
			knownRegions = (
				en,
			);
			mainGroup = 481291281AC35E7800DB082A;
			productRefGroup = 481291321AC35E7800DB082A /* Products */;
			projectDirPath = "";
			projectRoot = "";
			targets = (
				481291301AC35E7800DB082A /* ReverseLinkedListSwift */,
			);
		};
/* End PBXProject section */

/* Begin PBXSourcesBuildPhase section */
		4812912D1AC35E7800DB082A /* Sources */ = {
			isa = PBXSourcesBuildPhase;
			buildActionMask = 2147483647;
			files = (
				4812913C1AC35F6E00DB082A /* LinkedList.swift in Sources */,
				481291351AC35E7800DB082A /* main.swift in Sources */,
			);
			runOnlyForDeploymentPostprocessing = 0;
		};
/* End PBXSourcesBuildPhase section */

/* Begin XCBuildConfiguration section */
		481291361AC35E7800DB082A /* Debug */ = {
			isa = XCBuildConfiguration;
			buildSettings = {
				ALWAYS_SEARCH_USER_PATHS = NO;
				CLANG_CXX_LANGUAGE_STANDARD = "gnu++0x";
				CLANG_CXX_LIBRARY = "libc++";
				CLANG_ENABLE_MODULES = YES;
				CLANG_ENABLE_OBJC_ARC = YES;
				CLANG_WARN_BOOL_CONVERSION = YES;
				CLANG_WARN_CONSTANT_CONVERSION = YES;
				CLANG_WARN_DIRECT_OBJC_ISA_USAGE = YES_ERROR;
				CLANG_WARN_EMPTY_BODY = YES;
				CLANG_WARN_ENUM_CONVERSION = YES;
				CLANG_WARN_INT_CONVERSION = YES;
				CLANG_WARN_OBJC_ROOT_CLASS = YES_ERROR;
				CLANG_WARN_UNREACHABLE_CODE = YES;
				CLANG_WARN__DUPLICATE_METHOD_MATCH = YES;
				COPY_PHASE_STRIP = NO;
				ENABLE_STRICT_OBJC_MSGSEND = YES;
				GCC_C_LANGUAGE_STANDARD = gnu99;
				GCC_DYNAMIC_NO_PIC = NO;
				GCC_OPTIMIZATION_LEVEL = 0;
				GCC_PREPROCESSOR_DEFINITIONS = (
					"DEBUG=1",
					"$(inherited)",
				);
				GCC_SYMBOLS_PRIVATE_EXTERN = NO;
				GCC_WARN_64_TO_32_BIT_CONVERSION = YES;
				GCC_WARN_ABOUT_RETURN_TYPE = YES_ERROR;
				GCC_WARN_UNDECLARED_SELECTOR = YES;
				GCC_WARN_UNINITIALIZED_AUTOS = YES_AGGRESSIVE;
				GCC_WARN_UNUSED_FUNCTION = YES;
				GCC_WARN_UNUSED_VARIABLE = YES;
				MACOSX_DEPLOYMENT_TARGET = 10.10;
				MTL_ENABLE_DEBUG_INFO = YES;
				ONLY_ACTIVE_ARCH = YES;
				SDKROOT = macosx;
				SWIFT_OPTIMIZATION_LEVEL = "-Onone";
			};
			name = Debug;
		};
		481291371AC35E7800DB082A /* Release */ = {
			isa = XCBuildConfiguration;
			buildSettings = {
				ALWAYS_SEARCH_USER_PATHS = NO;
				CLANG_CXX_LANGUAGE_STANDARD = "gnu++0x";
				CLANG_CXX_LIBRARY = "libc++";
				CLANG_ENABLE_MODULES = YES;
				CLANG_ENABLE_OBJC_ARC = YES;
				CLANG_WARN_BOOL_CONVERSION = YES;
				CLANG_WARN_CONSTANT_CONVERSION = YES;
				CLANG_WARN_DIRECT_OBJC_ISA_USAGE = YES_ERROR;
				CLANG_WARN_EMPTY_BODY = YES;
				CLANG_WARN_ENUM_CONVERSION = YES;
				CLANG_WARN_INT_CONVERSION = YES;
				CLANG_WARN_OBJC_ROOT_CLASS = YES_ERROR;
				CLANG_WARN_UNREACHABLE_CODE = YES;
				CLANG_WARN__DUPLICATE_METHOD_MATCH = YES;
				COPY_PHASE_STRIP = NO;
				DEBUG_INFORMATION_FORMAT = "dwarf-with-dsym";
				ENABLE_NS_ASSERTIONS = NO;
				ENABLE_STRICT_OBJC_MSGSEND = YES;
				GCC_C_LANGUAGE_STANDARD = gnu99;
				GCC_WARN_64_TO_32_BIT_CONVERSION = YES;
				GCC_WARN_ABOUT_RETURN_TYPE = YES_ERROR;
				GCC_WARN_UNDECLARED_SELECTOR = YES;
				GCC_WARN_UNINITIALIZED_AUTOS = YES_AGGRESSIVE;
				GCC_WARN_UNUSED_FUNCTION = YES;
				GCC_WARN_UNUSED_VARIABLE = YES;
				MACOSX_DEPLOYMENT_TARGET = 10.10;
				MTL_ENABLE_DEBUG_INFO = NO;
				SDKROOT = macosx;
			};
			name = Release;
		};
		481291391AC35E7800DB082A /* Debug */ = {
			isa = XCBuildConfiguration;
			buildSettings = {
				PRODUCT_NAME = "$(TARGET_NAME)";
			};
			name = Debug;
		};
		4812913A1AC35E7800DB082A /* Release */ = {
			isa = XCBuildConfiguration;
			buildSettings = {
				PRODUCT_NAME = "$(TARGET_NAME)";
			};
			name = Release;
		};
/* End XCBuildConfiguration section */

/* Begin XCConfigurationList section */
		4812912C1AC35E7800DB082A /* Build configuration list for PBXProject "ReverseLinkedListSwift" */ = {
			isa = XCConfigurationList;
			buildConfigurations = (
				481291361AC35E7800DB082A /* Debug */,
				481291371AC35E7800DB082A /* Release */,
			);
			defaultConfigurationIsVisible = 0;
			defaultConfigurationName = Release;
		};
		481291381AC35E7800DB082A /* Build configuration list for PBXNativeTarget "ReverseLinkedListSwift" */ = {
			isa = XCConfigurationList;
			buildConfigurations = (
				481291391AC35E7800DB082A /* Debug */,
				4812913A1AC35E7800DB082A /* Release */,
			);
			defaultConfigurationIsVisible = 0;
		};
/* End XCConfigurationList section */
	};
	rootObject = 481291291AC35E7800DB082A /* Project object */;
}
